{
  "name": "kincseslada-parsers",
  "version": "1.0.0",
  "lockfileVersion": 3,
  "requires": true,
  "packages": {
    "": {
      "name": "kincseslada-parsers",
      "version": "1.0.0",
      "license": "GPL-3.0",
      "dependencies": {
        "djvujs-dist": "^0.5.4"
      }
    },
    "node_modules/djvujs-dist": {
      "version": "0.5.4",
      "resolved": "https://registry.npmjs.org/djvujs-dist/-/djvujs-dist-0.5.4.tgz",
      "integrity": "sha512-zEKOeiXlQ81mxWXhlZ0qnjSr1WBB9dWa8BhhlJjc4e+h9SVHsTl0Sz2IuMrkwDM/ZMn0aUeZQG+J7ODiTAtDpQ==",
      "hasInstallScript": true
    }
  }
}
